
Microsoft Visual Studio Solution File, Format Version 11.00
# Visual Studio 2010
Project("{FAE04EC0-301F-11D3-BF4B-00C04F79EFBC}") = "STColorPerception", "STColorPerception\STColorPerception.csproj", "{45E2EF4E-6637-4F24-9BAB-AFE70093336D}"
EndProject
Project("{FAE04EC0-301F-11D3-BF4B-00C04F79EFBC}") = "PerceptionLib", "PerceptionLib\PerceptionLib.csproj", "{AE4BE93A-7A93-403C-9241-4FCFD722EDE7}"
EndProject
Global
	GlobalSection(SolutionConfigurationPlatforms) = preSolution
		Debug|Any CPU = Debug|Any CPU
		Debug|Mixed Platforms = Debug|Mixed Platforms
		Debug|x86 = Debug|x86
		Release|Any CPU = Release|Any CPU
		Release|Mixed Platforms = Release|Mixed Platforms
		Release|x86 = Release|x86
	EndGlobalSection
	GlobalSection(ProjectConfigurationPlatforms) = postSolution
		{45E2EF4E-6637-4F24-9BAB-AFE70093336D}.Debug|Any CPU.ActiveCfg = Debug|x86
		{45E2EF4E-6637-4F24-9BAB-AFE70093336D}.Debug|Mixed Platforms.ActiveCfg = Debug|x86
		{45E2EF4E-6637-4F24-9BAB-AFE70093336D}.Debug|Mixed Platforms.Build.0 = Debug|x86
		{45E2EF4E-6637-4F24-9BAB-AFE70093336D}.Debug|x86.ActiveCfg = Debug|x86
		{45E2EF4E-6637-4F24-9BAB-AFE70093336D}.Debug|x86.Build.0 = Debug|x86
		{45E2EF4E-6637-4F24-9BAB-AFE70093336D}.Release|Any CPU.ActiveCfg = Release|x86
		{45E2EF4E-6637-4F24-9BAB-AFE70093336D}.Release|Mixed Platforms.ActiveCfg = Release|x86
		{45E2EF4E-6637-4F24-9BAB-AFE70093336D}.Release|Mixed Platforms.Build.0 = Release|x86
		{45E2EF4E-6637-4F24-9BAB-AFE70093336D}.Release|x86.ActiveCfg = Release|x86
		{45E2EF4E-6637-4F24-9BAB-AFE70093336D}.Release|x86.Build.0 = Release|x86
		{AE4BE93A-7A93-403C-9241-4FCFD722EDE7}.Debug|Any CPU.ActiveCfg = Debug|Any CPU
		{AE4BE93A-7A93-403C-9241-4FCFD722EDE7}.Debug|Any CPU.Build.0 = Debug|Any CPU
		{AE4BE93A-7A93-403C-9241-4FCFD722EDE7}.Debug|Mixed Platforms.ActiveCfg = Debug|Any CPU
		{AE4BE93A-7A93-403C-9241-4FCFD722EDE7}.Debug|Mixed Platforms.Build.0 = Debug|Any CPU
		{AE4BE93A-7A93-403C-9241-4FCFD722EDE7}.Debug|x86.ActiveCfg = Debug|Any CPU
		{AE4BE93A-7A93-403C-9241-4FCFD722EDE7}.Release|Any CPU.ActiveCfg = Release|Any CPU
		{AE4BE93A-7A93-403C-9241-4FCFD722EDE7}.Release|Any CPU.Build.0 = Release|Any CPU
		{AE4BE93A-7A93-403C-9241-4FCFD722EDE7}.Release|Mixed Platforms.ActiveCfg = Release|Any CPU
		{AE4BE93A-7A93-403C-9241-4FCFD722EDE7}.Release|Mixed Platforms.Build.0 = Release|Any CPU
		{AE4BE93A-7A93-403C-9241-4FCFD722EDE7}.Release|x86.ActiveCfg = Release|Any CPU
	EndGlobalSection
	GlobalSection(SolutionProperties) = preSolution
		HideSolutionNode = FALSE
	EndGlobalSection
EndGlobal
